// !$*UTF8*$!
{
	archiveVersion = 1;
	classes = {
	};
	objectVersion = 55;
	objects = {

/* Begin PBXBuildFile section */
		CC4A045A270778730008C56B /* PurchasesService.swift in Sources */ = {isa = PBXBuildFile; fileRef = CC4A0459270778730008C56B /* PurchasesService.swift */; };
		CC4A045B270778730008C56B /* PurchasesService.swift in Sources */ = {isa = PBXBuildFile; fileRef = CC4A0459270778730008C56B /* PurchasesService.swift */; };
		CC76C1AB2705CA7B00524D26 /* AppLogoResizerApp.swift in Sources */ = {isa = PBXBuildFile; fileRef = CC76C1982705CA7900524D26 /* AppLogoResizerApp.swift */; };
		CC76C1AC2705CA7B00524D26 /* AppLogoResizerApp.swift in Sources */ = {isa = PBXBuildFile; fileRef = CC76C1982705CA7900524D26 /* AppLogoResizerApp.swift */; };
		CC76C1AD2705CA7B00524D26 /* ContentView.swift in Sources */ = {isa = PBXBuildFile; fileRef = CC76C1992705CA7900524D26 /* ContentView.swift */; };
		CC76C1AE2705CA7B00524D26 /* ContentView.swift in Sources */ = {isa = PBXBuildFile; fileRef = CC76C1992705CA7900524D26 /* ContentView.swift */; };
		CC76C1B12705CA7B00524D26 /* Assets.xcassets in Resources */ = {isa = PBXBuildFile; fileRef = CC76C19B2705CA7A00524D26 /* Assets.xcassets */; };
		CC76C1B22705CA7B00524D26 /* Assets.xcassets in Resources */ = {isa = PBXBuildFile; fileRef = CC76C19B2705CA7A00524D26 /* Assets.xcassets */; };
		CC76C1BF2705CAEC00524D26 /* ImagePicker.swift in Sources */ = {isa = PBXBuildFile; fileRef = CC76C1BE2705CAEC00524D26 /* ImagePicker.swift */; };
		CC76C1C02705CAEC00524D26 /* ImagePicker.swift in Sources */ = {isa = PBXBuildFile; fileRef = CC76C1BE2705CAEC00524D26 /* ImagePicker.swift */; };
		CC76C1C22705D9E000524D26 /* LogoViewModel.swift in Sources */ = {isa = PBXBuildFile; fileRef = CC76C1C12705D9E000524D26 /* LogoViewModel.swift */; };
		CC76C1C32705D9E000524D26 /* LogoViewModel.swift in Sources */ = {isa = PBXBuildFile; fileRef = CC76C1C12705D9E000524D26 /* LogoViewModel.swift */; };
		CC76C1C52705DF4A00524D26 /* SizeSelectionView.swift in Sources */ = {isa = PBXBuildFile; fileRef = CC76C1C42705DF4A00524D26 /* SizeSelectionView.swift */; };
		CC76C1C62705DF4A00524D26 /* SizeSelectionView.swift in Sources */ = {isa = PBXBuildFile; fileRef = CC76C1C42705DF4A00524D26 /* SizeSelectionView.swift */; };
		CC76C1C82705E74600524D26 /* MultiSelector.swift in Sources */ = {isa = PBXBuildFile; fileRef = CC76C1C72705E74600524D26 /* MultiSelector.swift */; };
		CC76C1C92705E74600524D26 /* MultiSelector.swift in Sources */ = {isa = PBXBuildFile; fileRef = CC76C1C72705E74600524D26 /* MultiSelector.swift */; };
		CC76C1D1270766A700524D26 /* ThankYouScreen.swift in Sources */ = {isa = PBXBuildFile; fileRef = CC76C1D0270766A700524D26 /* ThankYouScreen.swift */; };
		CC76C1D2270766A700524D26 /* ThankYouScreen.swift in Sources */ = {isa = PBXBuildFile; fileRef = CC76C1D0270766A700524D26 /* ThankYouScreen.swift */; };
		CC9DAE5F270849D8005AC4EC /* ConfettiSwiftUI in Frameworks */ = {isa = PBXBuildFile; productRef = CC9DAE5E270849D8005AC4EC /* ConfettiSwiftUI */; };
		CC9DAE62270849EA005AC4EC /* RevenueCat in Frameworks */ = {isa = PBXBuildFile; productRef = CC9DAE61270849EA005AC4EC /* RevenueCat */; };
		CC9DAE63270849F4005AC4EC /* ConfettiSwiftUI in Embed Frameworks */ = {isa = PBXBuildFile; productRef = CC9DAE5E270849D8005AC4EC /* ConfettiSwiftUI */; settings = {ATTRIBUTES = (CodeSignOnCopy, ); }; };
		CC9DAE6827085DD0005AC4EC /* AvtivityIndicator.swift in Sources */ = {isa = PBXBuildFile; fileRef = CC9DAE6727085DD0005AC4EC /* AvtivityIndicator.swift */; };
		CC9DAE6927085DD0005AC4EC /* AvtivityIndicator.swift in Sources */ = {isa = PBXBuildFile; fileRef = CC9DAE6727085DD0005AC4EC /* AvtivityIndicator.swift */; };
		CC9DAE6B270874FD005AC4EC /* saved.json in Resources */ = {isa = PBXBuildFile; fileRef = CC9DAE6A270874FD005AC4EC /* saved.json */; };
		CC9DAE6C270874FD005AC4EC /* saved.json in Resources */ = {isa = PBXBuildFile; fileRef = CC9DAE6A270874FD005AC4EC /* saved.json */; };
		CC9DAE7027087553005AC4EC /* Lottie in Frameworks */ = {isa = PBXBuildFile; productRef = CC9DAE6F27087553005AC4EC /* Lottie */; };
		CC9DAE722708759E005AC4EC /* LottieView.swift in Sources */ = {isa = PBXBuildFile; fileRef = CC9DAE712708759E005AC4EC /* LottieView.swift */; };
		CC9DAE732708759E005AC4EC /* LottieView.swift in Sources */ = {isa = PBXBuildFile; fileRef = CC9DAE712708759E005AC4EC /* LottieView.swift */; };
		CC9DAE7527087719005AC4EC /* SavedView.swift in Sources */ = {isa = PBXBuildFile; fileRef = CC9DAE7427087719005AC4EC /* SavedView.swift */; };
		CC9DAE7627087719005AC4EC /* SavedView.swift in Sources */ = {isa = PBXBuildFile; fileRef = CC9DAE7427087719005AC4EC /* SavedView.swift */; };
		CC9DAE7827088541005AC4EC /* add.json in Resources */ = {isa = PBXBuildFile; fileRef = CC9DAE7727088541005AC4EC /* add.json */; };
		CC9DAE7927088541005AC4EC /* add.json in Resources */ = {isa = PBXBuildFile; fileRef = CC9DAE7727088541005AC4EC /* add.json */; };
		CC9DAE7E27088C5A005AC4EC /* loading.json in Resources */ = {isa = PBXBuildFile; fileRef = CC9DAE7D27088C5A005AC4EC /* loading.json */; };
		CC9DAE7F27088C5A005AC4EC /* loading.json in Resources */ = {isa = PBXBuildFile; fileRef = CC9DAE7D27088C5A005AC4EC /* loading.json */; };
		CCC1A2E027B13A6900A5E116 /* AskForReview.swift in Sources */ = {isa = PBXBuildFile; fileRef = CCC1A2DF27B13A6900A5E116 /* AskForReview.swift */; };
		CCC1A2E127B13A6900A5E116 /* AskForReview.swift in Sources */ = {isa = PBXBuildFile; fileRef = CCC1A2DF27B13A6900A5E116 /* AskForReview.swift */; };
/* End PBXBuildFile section */

/* Begin PBXCopyFilesBuildPhase section */
		CC9DAE64270849F4005AC4EC /* Embed Frameworks */ = {
			isa = PBXCopyFilesBuildPhase;
			buildActionMask = 2147483647;
			dstPath = "";
			dstSubfolderSpec = 10;
			files = (
				CC9DAE63270849F4005AC4EC /* ConfettiSwiftUI in Embed Frameworks */,
			);
			name = "Embed Frameworks";
			runOnlyForDeploymentPostprocessing = 0;
		};
/* End PBXCopyFilesBuildPhase section */

/* Begin PBXFileReference section */
		CC4A0459270778730008C56B /* PurchasesService.swift */ = {isa = PBXFileReference; lastKnownFileType = sourcecode.swift; path = PurchasesService.swift; sourceTree = "<group>"; };
		CC76C1982705CA7900524D26 /* AppLogoResizerApp.swift */ = {isa = PBXFileReference; lastKnownFileType = sourcecode.swift; path = AppLogoResizerApp.swift; sourceTree = "<group>"; };
		CC76C1992705CA7900524D26 /* ContentView.swift */ = {isa = PBXFileReference; lastKnownFileType = sourcecode.swift; path = ContentView.swift; sourceTree = "<group>"; };
		CC76C19B2705CA7A00524D26 /* Assets.xcassets */ = {isa = PBXFileReference; lastKnownFileType = folder.assetcatalog; path = Assets.xcassets; sourceTree = "<group>"; };
		CC76C1A02705CA7B00524D26 /* Logo Resizer.app */ = {isa = PBXFileReference; explicitFileType = wrapper.application; includeInIndex = 0; path = "Logo Resizer.app"; sourceTree = BUILT_PRODUCTS_DIR; };
		CC76C1A62705CA7B00524D26 /* AppLogoResizer.app */ = {isa = PBXFileReference; explicitFileType = wrapper.application; includeInIndex = 0; path = AppLogoResizer.app; sourceTree = BUILT_PRODUCTS_DIR; };
		CC76C1A82705CA7B00524D26 /* macOS.entitlements */ = {isa = PBXFileReference; lastKnownFileType = text.plist.entitlements; path = macOS.entitlements; sourceTree = "<group>"; };
		CC76C1BE2705CAEC00524D26 /* ImagePicker.swift */ = {isa = PBXFileReference; lastKnownFileType = sourcecode.swift; path = ImagePicker.swift; sourceTree = "<group>"; };
		CC76C1C12705D9E000524D26 /* LogoViewModel.swift */ = {isa = PBXFileReference; lastKnownFileType = sourcecode.swift; path = LogoViewModel.swift; sourceTree = "<group>"; };
		CC76C1C42705DF4A00524D26 /* SizeSelectionView.swift */ = {isa = PBXFileReference; lastKnownFileType = sourcecode.swift; path = SizeSelectionView.swift; sourceTree = "<group>"; };
		CC76C1C72705E74600524D26 /* MultiSelector.swift */ = {isa = PBXFileReference; lastKnownFileType = sourcecode.swift; path = MultiSelector.swift; sourceTree = "<group>"; };
		CC76C1D0270766A700524D26 /* ThankYouScreen.swift */ = {isa = PBXFileReference; lastKnownFileType = sourcecode.swift; path = ThankYouScreen.swift; sourceTree = "<group>"; };
		CC9DAE6727085DD0005AC4EC /* AvtivityIndicator.swift */ = {isa = PBXFileReference; lastKnownFileType = sourcecode.swift; path = AvtivityIndicator.swift; sourceTree = "<group>"; };
		CC9DAE6A270874FD005AC4EC /* saved.json */ = {isa = PBXFileReference; fileEncoding = 4; lastKnownFileType = text.json; path = saved.json; sourceTree = "<group>"; };
		CC9DAE712708759E005AC4EC /* LottieView.swift */ = {isa = PBXFileReference; lastKnownFileType = sourcecode.swift; path = LottieView.swift; sourceTree = "<group>"; };
		CC9DAE7427087719005AC4EC /* SavedView.swift */ = {isa = PBXFileReference; lastKnownFileType = sourcecode.swift; path = SavedView.swift; sourceTree = "<group>"; };
		CC9DAE7727088541005AC4EC /* add.json */ = {isa = PBXFileReference; fileEncoding = 4; lastKnownFileType = text.json; path = add.json; sourceTree = "<group>"; };
		CC9DAE7D27088C5A005AC4EC /* loading.json */ = {isa = PBXFileReference; fileEncoding = 4; lastKnownFileType = text.json; path = loading.json; sourceTree = "<group>"; };
		CCC1A2DF27B13A6900A5E116 /* AskForReview.swift */ = {isa = PBXFileReference; lastKnownFileType = sourcecode.swift; path = AskForReview.swift; sourceTree = "<group>"; };
/* End PBXFileReference section */

/* Begin PBXFrameworksBuildPhase section */
		CC76C19D2705CA7B00524D26 /* Frameworks */ = {
			isa = PBXFrameworksBuildPhase;
			buildActionMask = 2147483647;
			files = (
				CC9DAE62270849EA005AC4EC /* RevenueCat in Frameworks */,
				CC9DAE5F270849D8005AC4EC /* ConfettiSwiftUI in Frameworks */,
				CC9DAE7027087553005AC4EC /* Lottie in Frameworks */,
			);
			runOnlyForDeploymentPostprocessing = 0;
		};
		CC76C1A32705CA7B00524D26 /* Frameworks */ = {
			isa = PBXFrameworksBuildPhase;
			buildActionMask = 2147483647;
			files = (
			);
			runOnlyForDeploymentPostprocessing = 0;
		};
/* End PBXFrameworksBuildPhase section */

/* Begin PBXGroup section */
		CC76C1902705CA7900524D26 = {
			isa = PBXGroup;
			children = (
				CC76C1952705CA7900524D26 /* Shared */,
				CC76C1A72705CA7B00524D26 /* macOS */,
				CC76C1A12705CA7B00524D26 /* Products */,
			);
			sourceTree = "<group>";
		};
		CC76C1952705CA7900524D26 /* Shared */ = {
			isa = PBXGroup;
			children = (
				CC76C1982705CA7900524D26 /* AppLogoResizerApp.swift */,
				CC76C1992705CA7900524D26 /* ContentView.swift */,
				CC76C1C12705D9E000524D26 /* LogoViewModel.swift */,
				CC76C1C42705DF4A00524D26 /* SizeSelectionView.swift */,
				CC76C1D0270766A700524D26 /* ThankYouScreen.swift */,
				CCC1A2DF27B13A6900A5E116 /* AskForReview.swift */,
				CC9DAE6527085D49005AC4EC /* SubViews */,
				CC9DAE6627085D72005AC4EC /* Service */,
				CC76C19B2705CA7A00524D26 /* Assets.xcassets */,
				CC9DAE6D27087506005AC4EC /* Lottie */,
			);
			path = Shared;
			sourceTree = "<group>";
		};
		CC76C1A12705CA7B00524D26 /* Products */ = {
			isa = PBXGroup;
			children = (
				CC76C1A02705CA7B00524D26 /* Logo Resizer.app */,
				CC76C1A62705CA7B00524D26 /* AppLogoResizer.app */,
			);
			name = Products;
			sourceTree = "<group>";
		};
		CC76C1A72705CA7B00524D26 /* macOS */ = {
			isa = PBXGroup;
			children = (
				CC76C1A82705CA7B00524D26 /* macOS.entitlements */,
			);
			path = macOS;
			sourceTree = "<group>";
		};
		CC9DAE6527085D49005AC4EC /* SubViews */ = {
			isa = PBXGroup;
			children = (
				CC76C1BE2705CAEC00524D26 /* ImagePicker.swift */,
				CC76C1C72705E74600524D26 /* MultiSelector.swift */,
				CC9DAE6727085DD0005AC4EC /* AvtivityIndicator.swift */,
				CC9DAE712708759E005AC4EC /* LottieView.swift */,
				CC9DAE7427087719005AC4EC /* SavedView.swift */,
			);
			path = SubViews;
			sourceTree = "<group>";
		};
		CC9DAE6627085D72005AC4EC /* Service */ = {
			isa = PBXGroup;
			children = (
				CC4A0459270778730008C56B /* PurchasesService.swift */,
			);
			path = Service;
			sourceTree = "<group>";
		};
		CC9DAE6D27087506005AC4EC /* Lottie */ = {
			isa = PBXGroup;
			children = (
				CC9DAE7D27088C5A005AC4EC /* loading.json */,
				CC9DAE7727088541005AC4EC /* add.json */,
				CC9DAE6A270874FD005AC4EC /* saved.json */,
			);
			path = Lottie;
			sourceTree = "<group>";
		};
/* End PBXGroup section */

/* Begin PBXNativeTarget section */
		CC76C19F2705CA7B00524D26 /* AppLogoResizer (iOS) */ = {
			isa = PBXNativeTarget;
			buildConfigurationList = CC76C1B52705CA7B00524D26 /* Build configuration list for PBXNativeTarget "AppLogoResizer (iOS)" */;
			buildPhases = (
				CC76C19C2705CA7B00524D26 /* Sources */,
				CC76C19D2705CA7B00524D26 /* Frameworks */,
				CC76C19E2705CA7B00524D26 /* Resources */,
				CC9DAE64270849F4005AC4EC /* Embed Frameworks */,
			);
			buildRules = (
			);
			dependencies = (
			);
			name = "AppLogoResizer (iOS)";
			packageProductDependencies = (
				CC9DAE5E270849D8005AC4EC /* ConfettiSwiftUI */,
				CC9DAE61270849EA005AC4EC /* RevenueCat */,
				CC9DAE6F27087553005AC4EC /* Lottie */,
			);
			productName = "AppLogoResizer (iOS)";
			productReference = CC76C1A02705CA7B00524D26 /* Logo Resizer.app */;
			productType = "com.apple.product-type.application";
		};
		CC76C1A52705CA7B00524D26 /* AppLogoResizer (macOS) */ = {
			isa = PBXNativeTarget;
			buildConfigurationList = CC76C1B82705CA7B00524D26 /* Build configuration list for PBXNativeTarget "AppLogoResizer (macOS)" */;
			buildPhases = (
				CC76C1A22705CA7B00524D26 /* Sources */,
				CC76C1A32705CA7B00524D26 /* Frameworks */,
				CC76C1A42705CA7B00524D26 /* Resources */,
			);
			buildRules = (
			);
			dependencies = (
			);
			name = "AppLogoResizer (macOS)";
			productName = "AppLogoResizer (macOS)";
			productReference = CC76C1A62705CA7B00524D26 /* AppLogoResizer.app */;
			productType = "com.apple.product-type.application";
		};
/* End PBXNativeTarget section */

/* Begin PBXProject section */
		CC76C1912705CA7900524D26 /* Project object */ = {
			isa = PBXProject;
			attributes = {
				BuildIndependentTargetsInParallel = 1;
				LastSwiftUpdateCheck = 1300;
				LastUpgradeCheck = 1300;
				TargetAttributes = {
					CC76C19F2705CA7B00524D26 = {
						CreatedOnToolsVersion = 13.0;
					};
					CC76C1A52705CA7B00524D26 = {
						CreatedOnToolsVersion = 13.0;
					};
				};
			};
			buildConfigurationList = CC76C1942705CA7900524D26 /* Build configuration list for PBXProject "AppLogoResizer" */;
			compatibilityVersion = "Xcode 13.0";
			developmentRegion = en;
			hasScannedForEncodings = 0;
			knownRegions = (
				en,
				Base,
			);
			mainGroup = CC76C1902705CA7900524D26;
			packageReferences = (
				CC9DAE5D270849D8005AC4EC /* XCRemoteSwiftPackageReference "ConfettiSwiftUI" */,
				CC9DAE60270849EA005AC4EC /* XCRemoteSwiftPackageReference "purchases-ios" */,
				CC9DAE6E27087553005AC4EC /* XCRemoteSwiftPackageReference "lottie-ios" */,
			);
			productRefGroup = CC76C1A12705CA7B00524D26 /* Products */;
			projectDirPath = "";
			projectRoot = "";
			targets = (
				CC76C19F2705CA7B00524D26 /* AppLogoResizer (iOS) */,
				CC76C1A52705CA7B00524D26 /* AppLogoResizer (macOS) */,
			);
		};
/* End PBXProject section */

/* Begin PBXResourcesBuildPhase section */
		CC76C19E2705CA7B00524D26 /* Resources */ = {
			isa = PBXResourcesBuildPhase;
			buildActionMask = 2147483647;
			files = (
				CC76C1B12705CA7B00524D26 /* Assets.xcassets in Resources */,
				CC9DAE6B270874FD005AC4EC /* saved.json in Resources */,
				CC9DAE7E27088C5A005AC4EC /* loading.json in Resources */,
				CC9DAE7827088541005AC4EC /* add.json in Resources */,
			);
			runOnlyForDeploymentPostprocessing = 0;
		};
		CC76C1A42705CA7B00524D26 /* Resources */ = {
			isa = PBXResourcesBuildPhase;
			buildActionMask = 2147483647;
			files = (
				CC76C1B22705CA7B00524D26 /* Assets.xcassets in Resources */,
				CC9DAE6C270874FD005AC4EC /* saved.json in Resources */,
				CC9DAE7F27088C5A005AC4EC /* loading.json in Resources */,
				CC9DAE7927088541005AC4EC /* add.json in Resources */,
			);
			runOnlyForDeploymentPostprocessing = 0;
		};
/* End PBXResourcesBuildPhase section */

/* Begin PBXSourcesBuildPhase section */
		CC76C19C2705CA7B00524D26 /* Sources */ = {
			isa = PBXSourcesBuildPhase;
			buildActionMask = 2147483647;
			files = (
				CC76C1D1270766A700524D26 /* ThankYouScreen.swift in Sources */,
				CCC1A2E027B13A6900A5E116 /* AskForReview.swift in Sources */,
				CC76C1C82705E74600524D26 /* MultiSelector.swift in Sources */,
				CC76C1BF2705CAEC00524D26 /* ImagePicker.swift in Sources */,
				CC76C1AB2705CA7B00524D26 /* AppLogoResizerApp.swift in Sources */,
				CC9DAE6827085DD0005AC4EC /* AvtivityIndicator.swift in Sources */,
				CC4A045A270778730008C56B /* PurchasesService.swift in Sources */,
				CC9DAE7527087719005AC4EC /* SavedView.swift in Sources */,
				CC76C1AD2705CA7B00524D26 /* ContentView.swift in Sources */,
				CC9DAE722708759E005AC4EC /* LottieView.swift in Sources */,
				CC76C1C22705D9E000524D26 /* LogoViewModel.swift in Sources */,
				CC76C1C52705DF4A00524D26 /* SizeSelectionView.swift in Sources */,
			);
			runOnlyForDeploymentPostprocessing = 0;
		};
		CC76C1A22705CA7B00524D26 /* Sources */ = {
			isa = PBXSourcesBuildPhase;
			buildActionMask = 2147483647;
			files = (
				CC76C1D2270766A700524D26 /* ThankYouScreen.swift in Sources */,
				CCC1A2E127B13A6900A5E116 /* AskForReview.swift in Sources */,
				CC76C1C92705E74600524D26 /* MultiSelector.swift in Sources */,
				CC76C1C02705CAEC00524D26 /* ImagePicker.swift in Sources */,
				CC76C1AC2705CA7B00524D26 /* AppLogoResizerApp.swift in Sources */,
				CC9DAE6927085DD0005AC4EC /* AvtivityIndicator.swift in Sources */,
				CC4A045B270778730008C56B /* PurchasesService.swift in Sources */,
				CC9DAE7627087719005AC4EC /* SavedView.swift in Sources */,
				CC76C1AE2705CA7B00524D26 /* ContentView.swift in Sources */,
				CC9DAE732708759E005AC4EC /* LottieView.swift in Sources */,
				CC76C1C32705D9E000524D26 /* LogoViewModel.swift in Sources */,
				CC76C1C62705DF4A00524D26 /* SizeSelectionView.swift in Sources */,
			);
			runOnlyForDeploymentPostprocessing = 0;
		};
/* End PBXSourcesBuildPhase section */

/* Begin XCBuildConfiguration section */
		CC76C1B32705CA7B00524D26 /* Debug */ = {
			isa = XCBuildConfiguration;
			buildSettings = {
				ALWAYS_SEARCH_USER_PATHS = NO;
				CLANG_ANALYZER_NONNULL = YES;
				CLANG_ANALYZER_NUMBER_OBJECT_CONVERSION = YES_AGGRESSIVE;
				CLANG_CXX_LANGUAGE_STANDARD = "gnu++17";
				CLANG_CXX_LIBRARY = "libc++";
				CLANG_ENABLE_MODULES = YES;
				CLANG_ENABLE_OBJC_ARC = YES;
				CLANG_ENABLE_OBJC_WEAK = YES;
				CLANG_WARN_BLOCK_CAPTURE_AUTORELEASING = YES;
				CLANG_WARN_BOOL_CONVERSION = YES;
				CLANG_WARN_COMMA = YES;
				CLANG_WARN_CONSTANT_CONVERSION = YES;
				CLANG_WARN_DEPRECATED_OBJC_IMPLEMENTATIONS = YES;
				CLANG_WARN_DIRECT_OBJC_ISA_USAGE = YES_ERROR;
				CLANG_WARN_DOCUMENTATION_COMMENTS = YES;
				CLANG_WARN_EMPTY_BODY = YES;
				CLANG_WARN_ENUM_CONVERSION = YES;
				CLANG_WARN_INFINITE_RECURSION = YES;
				CLANG_WARN_INT_CONVERSION = YES;
				CLANG_WARN_NON_LITERAL_NULL_CONVERSION = YES;
				CLANG_WARN_OBJC_IMPLICIT_RETAIN_SELF = YES;
				CLANG_WARN_OBJC_LITERAL_CONVERSION = YES;
				CLANG_WARN_OBJC_ROOT_CLASS = YES_ERROR;
				CLANG_WARN_QUOTED_INCLUDE_IN_FRAMEWORK_HEADER = YES;
				CLANG_WARN_RANGE_LOOP_ANALYSIS = YES;
				CLANG_WARN_STRICT_PROTOTYPES = YES;
				CLANG_WARN_SUSPICIOUS_MOVE = YES;
				CLANG_WARN_UNGUARDED_AVAILABILITY = YES_AGGRESSIVE;
				CLANG_WARN_UNREACHABLE_CODE = YES;
				CLANG_WARN__DUPLICATE_METHOD_MATCH = YES;
				COPY_PHASE_STRIP = NO;
				DEBUG_INFORMATION_FORMAT = dwarf;
				ENABLE_STRICT_OBJC_MSGSEND = YES;
				ENABLE_TESTABILITY = YES;
				GCC_C_LANGUAGE_STANDARD = gnu11;
				GCC_DYNAMIC_NO_PIC = NO;
				GCC_NO_COMMON_BLOCKS = YES;
				GCC_OPTIMIZATION_LEVEL = 0;
				GCC_PREPROCESSOR_DEFINITIONS = (
					"DEBUG=1",
					"$(inherited)",
				);
				GCC_WARN_64_TO_32_BIT_CONVERSION = YES;
				GCC_WARN_ABOUT_RETURN_TYPE = YES_ERROR;
				GCC_WARN_UNDECLARED_SELECTOR = YES;
				GCC_WARN_UNINITIALIZED_AUTOS = YES_AGGRESSIVE;
				GCC_WARN_UNUSED_FUNCTION = YES;
				GCC_WARN_UNUSED_VARIABLE = YES;
				MTL_ENABLE_DEBUG_INFO = INCLUDE_SOURCE;
				MTL_FAST_MATH = YES;
				ONLY_ACTIVE_ARCH = YES;
				SWIFT_ACTIVE_COMPILATION_CONDITIONS = DEBUG;
				SWIFT_OPTIMIZATION_LEVEL = "-Onone";
			};
			name = Debug;
		};
		CC76C1B42705CA7B00524D26 /* Release */ = {
			isa = XCBuildConfiguration;
			buildSettings = {
				ALWAYS_SEARCH_USER_PATHS = NO;
				CLANG_ANALYZER_NONNULL = YES;
				CLANG_ANALYZER_NUMBER_OBJECT_CONVERSION = YES_AGGRESSIVE;
				CLANG_CXX_LANGUAGE_STANDARD = "gnu++17";
				CLANG_CXX_LIBRARY = "libc++";
				CLANG_ENABLE_MODULES = YES;
				CLANG_ENABLE_OBJC_ARC = YES;
				CLANG_ENABLE_OBJC_WEAK = YES;
				CLANG_WARN_BLOCK_CAPTURE_AUTORELEASING = YES;
				CLANG_WARN_BOOL_CONVERSION = YES;
				CLANG_WARN_COMMA = YES;
				CLANG_WARN_CONSTANT_CONVERSION = YES;
				CLANG_WARN_DEPRECATED_OBJC_IMPLEMENTATIONS = YES;
				CLANG_WARN_DIRECT_OBJC_ISA_USAGE = YES_ERROR;
				CLANG_WARN_DOCUMENTATION_COMMENTS = YES;
				CLANG_WARN_EMPTY_BODY = YES;
				CLANG_WARN_ENUM_CONVERSION = YES;
				CLANG_WARN_INFINITE_RECURSION = YES;
				CLANG_WARN_INT_CONVERSION = YES;
				CLANG_WARN_NON_LITERAL_NULL_CONVERSION = YES;
				CLANG_WARN_OBJC_IMPLICIT_RETAIN_SELF = YES;
				CLANG_WARN_OBJC_LITERAL_CONVERSION = YES;
				CLANG_WARN_OBJC_ROOT_CLASS = YES_ERROR;
				CLANG_WARN_QUOTED_INCLUDE_IN_FRAMEWORK_HEADER = YES;
				CLANG_WARN_RANGE_LOOP_ANALYSIS = YES;
				CLANG_WARN_STRICT_PROTOTYPES = YES;
				CLANG_WARN_SUSPICIOUS_MOVE = YES;
				CLANG_WARN_UNGUARDED_AVAILABILITY = YES_AGGRESSIVE;
				CLANG_WARN_UNREACHABLE_CODE = YES;
				CLANG_WARN__DUPLICATE_METHOD_MATCH = YES;
				COPY_PHASE_STRIP = NO;
				DEBUG_INFORMATION_FORMAT = "dwarf-with-dsym";
				ENABLE_NS_ASSERTIONS = NO;
				ENABLE_STRICT_OBJC_MSGSEND = YES;
				GCC_C_LANGUAGE_STANDARD = gnu11;
				GCC_NO_COMMON_BLOCKS = YES;
				GCC_WARN_64_TO_32_BIT_CONVERSION = YES;
				GCC_WARN_ABOUT_RETURN_TYPE = YES_ERROR;
				GCC_WARN_UNDECLARED_SELECTOR = YES;
				GCC_WARN_UNINITIALIZED_AUTOS = YES_AGGRESSIVE;
				GCC_WARN_UNUSED_FUNCTION = YES;
				GCC_WARN_UNUSED_VARIABLE = YES;
				MTL_ENABLE_DEBUG_INFO = NO;
				MTL_FAST_MATH = YES;
				SWIFT_COMPILATION_MODE = wholemodule;
				SWIFT_OPTIMIZATION_LEVEL = "-O";
			};
			name = Release;
		};
		CC76C1B62705CA7B00524D26 /* Debug */ = {
			isa = XCBuildConfiguration;
			buildSettings = {
				ASSETCATALOG_COMPILER_APPICON_NAME = AppIcon;
				ASSETCATALOG_COMPILER_GLOBAL_ACCENT_COLOR_NAME = AccentColor;
				CODE_SIGN_STYLE = Automatic;
				CURRENT_PROJECT_VERSION = 1;
				DEAD_CODE_STRIPPING = NO;
				DEVELOPMENT_TEAM = H95G2JPP2K;
				ENABLE_PREVIEWS = YES;
				GENERATE_INFOPLIST_FILE = YES;
				INFOPLIST_KEY_UIApplicationSceneManifest_Generation = YES;
				INFOPLIST_KEY_UIApplicationSupportsIndirectInputEvents = YES;
				INFOPLIST_KEY_UILaunchScreen_Generation = YES;
				INFOPLIST_KEY_UISupportedInterfaceOrientations_iPad = "UIInterfaceOrientationPortrait UIInterfaceOrientationPortraitUpsideDown UIInterfaceOrientationLandscapeLeft UIInterfaceOrientationLandscapeRight";
				INFOPLIST_KEY_UISupportedInterfaceOrientations_iPhone = "UIInterfaceOrientationPortrait UIInterfaceOrientationLandscapeLeft UIInterfaceOrientationLandscapeRight";
				IPHONEOS_DEPLOYMENT_TARGET = 14.0;
				LD_RUNPATH_SEARCH_PATHS = (
					"$(inherited)",
					"@executable_path/Frameworks",
				);
				MARKETING_VERSION = 1.1;
				PRODUCT_BUNDLE_IDENTIFIER = com.lukas.kinke.AppLogoResizer;
				PRODUCT_NAME = "Logo Resizer";
				SDKROOT = iphoneos;
				SWIFT_EMIT_LOC_STRINGS = YES;
				SWIFT_VERSION = 5.0;
				TARGETED_DEVICE_FAMILY = "1,2";
			};
			name = Debug;
		};
		CC76C1B72705CA7B00524D26 /* Release */ = {
			isa = XCBuildConfiguration;
			buildSettings = {
				ASSETCATALOG_COMPILER_APPICON_NAME = AppIcon;
				ASSETCATALOG_COMPILER_GLOBAL_ACCENT_COLOR_NAME = AccentColor;
				CODE_SIGN_STYLE = Automatic;
				CURRENT_PROJECT_VERSION = 1;
				DEAD_CODE_STRIPPING = NO;
				DEVELOPMENT_TEAM = H95G2JPP2K;
				ENABLE_PREVIEWS = YES;
				GENERATE_INFOPLIST_FILE = YES;
				INFOPLIST_KEY_UIApplicationSceneManifest_Generation = YES;
				INFOPLIST_KEY_UIApplicationSupportsIndirectInputEvents = YES;
				INFOPLIST_KEY_UILaunchScreen_Generation = YES;
				INFOPLIST_KEY_UISupportedInterfaceOrientations_iPad = "UIInterfaceOrientationPortrait UIInterfaceOrientationPortraitUpsideDown UIInterfaceOrientationLandscapeLeft UIInterfaceOrientationLandscapeRight";
				INFOPLIST_KEY_UISupportedInterfaceOrientations_iPhone = "UIInterfaceOrientationPortrait UIInterfaceOrientationLandscapeLeft UIInterfaceOrientationLandscapeRight";
				IPHONEOS_DEPLOYMENT_TARGET = 14.0;
				LD_RUNPATH_SEARCH_PATHS = (
					"$(inherited)",
					"@executable_path/Frameworks",
				);
				MARKETING_VERSION = 1.1;
				PRODUCT_BUNDLE_IDENTIFIER = com.lukas.kinke.AppLogoResizer;
				PRODUCT_NAME = "Logo Resizer";
				SDKROOT = iphoneos;
				SWIFT_EMIT_LOC_STRINGS = YES;
				SWIFT_VERSION = 5.0;
				TARGETED_DEVICE_FAMILY = "1,2";
				VALIDATE_PRODUCT = YES;
			};
			name = Release;
		};
		CC76C1B92705CA7B00524D26 /* Debug */ = {
			isa = XCBuildConfiguration;
			buildSettings = {
				ASSETCATALOG_COMPILER_APPICON_NAME = AppIcon;
				ASSETCATALOG_COMPILER_GLOBAL_ACCENT_COLOR_NAME = AccentColor;
				CODE_SIGN_ENTITLEMENTS = macOS/macOS.entitlements;
				CODE_SIGN_STYLE = Automatic;
				COMBINE_HIDPI_IMAGES = YES;
				CURRENT_PROJECT_VERSION = 1;
				DEVELOPMENT_TEAM = H95G2JPP2K;
				ENABLE_HARDENED_RUNTIME = YES;
				ENABLE_PREVIEWS = YES;
				GENERATE_INFOPLIST_FILE = YES;
				INFOPLIST_KEY_NSHumanReadableCopyright = "";
				LD_RUNPATH_SEARCH_PATHS = (
					"$(inherited)",
					"@executable_path/../Frameworks",
				);
				MACOSX_DEPLOYMENT_TARGET = 11.0;
				MARKETING_VERSION = 1.0;
				PRODUCT_BUNDLE_IDENTIFIER = com.lukas.kinke.AppLogoResizer;
				PRODUCT_NAME = AppLogoResizer;
				SDKROOT = macosx;
				SWIFT_EMIT_LOC_STRINGS = YES;
				SWIFT_VERSION = 5.0;
			};
			name = Debug;
		};
		CC76C1BA2705CA7B00524D26 /* Release */ = {
			isa = XCBuildConfiguration;
			buildSettings = {
				ASSETCATALOG_COMPILER_APPICON_NAME = AppIcon;
				ASSETCATALOG_COMPILER_GLOBAL_ACCENT_COLOR_NAME = AccentColor;
				CODE_SIGN_ENTITLEMENTS = macOS/macOS.entitlements;
				CODE_SIGN_STYLE = Automatic;
				COMBINE_HIDPI_IMAGES = YES;
				CURRENT_PROJECT_VERSION = 1;
				DEVELOPMENT_TEAM = H95G2JPP2K;
				ENABLE_HARDENED_RUNTIME = YES;
				ENABLE_PREVIEWS = YES;
				GENERATE_INFOPLIST_FILE = YES;
				INFOPLIST_KEY_NSHumanReadableCopyright = "";
				LD_RUNPATH_SEARCH_PATHS = (
					"$(inherited)",
					"@executable_path/../Frameworks",
				);
				MACOSX_DEPLOYMENT_TARGET = 11.0;
				MARKETING_VERSION = 1.0;
				PRODUCT_BUNDLE_IDENTIFIER = com.lukas.kinke.AppLogoResizer;
				PRODUCT_NAME = AppLogoResizer;
				SDKROOT = macosx;
				SWIFT_EMIT_LOC_STRINGS = YES;
				SWIFT_VERSION = 5.0;
			};
			name = Release;
		};
/* End XCBuildConfiguration section */

/* Begin XCConfigurationList section */
		CC76C1942705CA7900524D26 /* Build configuration list for PBXProject "AppLogoResizer" */ = {
			isa = XCConfigurationList;
			buildConfigurations = (
				CC76C1B32705CA7B00524D26 /* Debug */,
				CC76C1B42705CA7B00524D26 /* Release */,
			);
			defaultConfigurationIsVisible = 0;
			defaultConfigurationName = Release;
		};
		CC76C1B52705CA7B00524D26 /* Build configuration list for PBXNativeTarget "AppLogoResizer (iOS)" */ = {
			isa = XCConfigurationList;
			buildConfigurations = (
				CC76C1B62705CA7B00524D26 /* Debug */,
				CC76C1B72705CA7B00524D26 /* Release */,
			);
			defaultConfigurationIsVisible = 0;
			defaultConfigurationName = Release;
		};
		CC76C1B82705CA7B00524D26 /* Build configuration list for PBXNativeTarget "AppLogoResizer (macOS)" */ = {
			isa = XCConfigurationList;
			buildConfigurations = (
				CC76C1B92705CA7B00524D26 /* Debug */,
				CC76C1BA2705CA7B00524D26 /* Release */,
			);
			defaultConfigurationIsVisible = 0;
			defaultConfigurationName = Release;
		};
/* End XCConfigurationList section */

/* Begin XCRemoteSwiftPackageReference section */
		CC9DAE5D270849D8005AC4EC /* XCRemoteSwiftPackageReference "ConfettiSwiftUI" */ = {
			isa = XCRemoteSwiftPackageReference;
			repositoryURL = "https://github.com/simibac/ConfettiSwiftUI";
			requirement = {
				branch = master;
				kind = branch;
			};
		};
		CC9DAE60270849EA005AC4EC /* XCRemoteSwiftPackageReference "purchases-ios" */ = {
			isa = XCRemoteSwiftPackageReference;
			repositoryURL = "https://github.com/RevenueCat/purchases-ios.git";
			requirement = {
				branch = main;
				kind = branch;
			};
		};
		CC9DAE6E27087553005AC4EC /* XCRemoteSwiftPackageReference "lottie-ios" */ = {
			isa = XCRemoteSwiftPackageReference;
			repositoryURL = "https://github.com/airbnb/lottie-ios";
			requirement = {
				kind = upToNextMajorVersion;
				minimumVersion = 3.0.0;
			};
		};
/* End XCRemoteSwiftPackageReference section */

/* Begin XCSwiftPackageProductDependency section */
		CC9DAE5E270849D8005AC4EC /* ConfettiSwiftUI */ = {
			isa = XCSwiftPackageProductDependency;
			package = CC9DAE5D270849D8005AC4EC /* XCRemoteSwiftPackageReference "ConfettiSwiftUI" */;
			productName = ConfettiSwiftUI;
		};
		CC9DAE61270849EA005AC4EC /* RevenueCat */ = {
			isa = XCSwiftPackageProductDependency;
			package = CC9DAE60270849EA005AC4EC /* XCRemoteSwiftPackageReference "purchases-ios" */;
			productName = RevenueCat;
		};
		CC9DAE6F27087553005AC4EC /* Lottie */ = {
			isa = XCSwiftPackageProductDependency;
			package = CC9DAE6E27087553005AC4EC /* XCRemoteSwiftPackageReference "lottie-ios" */;
			productName = Lottie;
		};
/* End XCSwiftPackageProductDependency section */
	};
	rootObject = CC76C1912705CA7900524D26 /* Project object */;
}
